// !$*UTF8*$!
{
	archiveVersion = 1;
	classes = {
	};
	objectVersion = 50;
	objects = {

/* Begin PBXBuildFile section */
		168DD4B524D0180600F598EC /* AppDelegate.m in Sources */ = {isa = PBXBuildFile; fileRef = 168DD4B424D0180600F598EC /* AppDelegate.m */; };
		168DD4B824D0180600F598EC /* SceneDelegate.m in Sources */ = {isa = PBXBuildFile; fileRef = 168DD4B724D0180600F598EC /* SceneDelegate.m */; };
		168DD4BB24D0180600F598EC /* ViewController.m in Sources */ = {isa = PBXBuildFile; fileRef = 168DD4BA24D0180600F598EC /* ViewController.m */; };
		168DD4BE24D0180600F598EC /* Main.storyboard in Resources */ = {isa = PBXBuildFile; fileRef = 168DD4BC24D0180600F598EC /* Main.storyboard */; };
		168DD4C024D0180700F598EC /* Assets.xcassets in Resources */ = {isa = PBXBuildFile; fileRef = 168DD4BF24D0180700F598EC /* Assets.xcassets */; };
		168DD4C324D0180700F598EC /* LaunchScreen.storyboard in Resources */ = {isa = PBXBuildFile; fileRef = 168DD4C124D0180700F598EC /* LaunchScreen.storyboard */; };
		168DD4C624D0180700F598EC /* main.m in Sources */ = {isa = PBXBuildFile; fileRef = 168DD4C524D0180700F598EC /* main.m */; };
/* End PBXBuildFile section */

/* Begin PBXFileReference section */
		168DD4B024D0180600F598EC /* tableViewDemo2.app */ = {isa = PBXFileReference; explicitFileType = wrapper.application; includeInIndex = 0; path = tableViewDemo2.app; sourceTree = BUILT_PRODUCTS_DIR; };
		168DD4B324D0180600F598EC /* AppDelegate.h */ = {isa = PBXFileReference; lastKnownFileType = sourcecode.c.h; path = AppDelegate.h; sourceTree = "<group>"; };
		168DD4B424D0180600F598EC /* AppDelegate.m */ = {isa = PBXFileReference; lastKnownFileType = sourcecode.c.objc; path = AppDelegate.m; sourceTree = "<group>"; };
		168DD4B624D0180600F598EC /* SceneDelegate.h */ = {isa = PBXFileReference; lastKnownFileType = sourcecode.c.h; path = SceneDelegate.h; sourceTree = "<group>"; };
		168DD4B724D0180600F598EC /* SceneDelegate.m */ = {isa = PBXFileReference; lastKnownFileType = sourcecode.c.objc; path = SceneDelegate.m; sourceTree = "<group>"; };
		168DD4B924D0180600F598EC /* ViewController.h */ = {isa = PBXFileReference; lastKnownFileType = sourcecode.c.h; path = ViewController.h; sourceTree = "<group>"; };
		168DD4BA24D0180600F598EC /* ViewController.m */ = {isa = PBXFileReference; lastKnownFileType = sourcecode.c.objc; path = ViewController.m; sourceTree = "<group>"; };
		168DD4BD24D0180600F598EC /* Base */ = {isa = PBXFileReference; lastKnownFileType = file.storyboard; name = Base; path = Base.lproj/Main.storyboard; sourceTree = "<group>"; };
		168DD4BF24D0180700F598EC /* Assets.xcassets */ = {isa = PBXFileReference; lastKnownFileType = folder.assetcatalog; path = Assets.xcassets; sourceTree = "<group>"; };
		168DD4C224D0180700F598EC /* Base */ = {isa = PBXFileReference; lastKnownFileType = file.storyboard; name = Base; path = Base.lproj/LaunchScreen.storyboard; sourceTree = "<group>"; };
		168DD4C424D0180700F598EC /* Info.plist */ = {isa = PBXFileReference; lastKnownFileType = text.plist.xml; path = Info.plist; sourceTree = "<group>"; };
		168DD4C524D0180700F598EC /* main.m */ = {isa = PBXFileReference; lastKnownFileType = sourcecode.c.objc; path = main.m; sourceTree = "<group>"; };
/* End PBXFileReference section */

/* Begin PBXFrameworksBuildPhase section */
		168DD4AD24D0180600F598EC /* Frameworks */ = {
			isa = PBXFrameworksBuildPhase;
			buildActionMask = 2147483647;
			files = (
			);
			runOnlyForDeploymentPostprocessing = 0;
		};
/* End PBXFrameworksBuildPhase section */

/* Begin PBXGroup section */
		168DD4A724D0180600F598EC = {
			isa = PBXGroup;
			children = (
				168DD4B224D0180600F598EC /* tableViewDemo2 */,
				168DD4B124D0180600F598EC /* Products */,
			);
			sourceTree = "<group>";
		};
		168DD4B124D0180600F598EC /* Products */ = {
			isa = PBXGroup;
			children = (
				168DD4B024D0180600F598EC /* tableViewDemo2.app */,
			);
			name = Products;
			sourceTree = "<group>";
		};
		168DD4B224D0180600F598EC /* tableViewDemo2 */ = {
			isa = PBXGroup;
			children = (
				168DD4B324D0180600F598EC /* AppDelegate.h */,
				168DD4B424D0180600F598EC /* AppDelegate.m */,
				168DD4B624D0180600F598EC /* SceneDelegate.h */,
				168DD4B724D0180600F598EC /* SceneDelegate.m */,
				168DD4B924D0180600F598EC /* ViewController.h */,
				168DD4BA24D0180600F598EC /* ViewController.m */,
				168DD4BC24D0180600F598EC /* Main.storyboard */,
				168DD4BF24D0180700F598EC /* Assets.xcassets */,
				168DD4C124D0180700F598EC /* LaunchScreen.storyboard */,
				168DD4C424D0180700F598EC /* Info.plist */,
				168DD4C524D0180700F598EC /* main.m */,
			);
			path = tableViewDemo2;
			sourceTree = "<group>";
		};
/* End PBXGroup section */

/* Begin PBXNativeTarget section */
		168DD4AF24D0180600F598EC /* tableViewDemo2 */ = {
			isa = PBXNativeTarget;
			buildConfigurationList = 168DD4C924D0180700F598EC /* Build configuration list for PBXNativeTarget "tableViewDemo2" */;
			buildPhases = (
				168DD4AC24D0180600F598EC /* Sources */,
				168DD4AD24D0180600F598EC /* Frameworks */,
				168DD4AE24D0180600F598EC /* Resources */,
			);
			buildRules = (
			);
			dependencies = (
			);
			name = tableViewDemo2;
			productName = tableViewDemo2;
			productReference = 168DD4B024D0180600F598EC /* tableViewDemo2.app */;
			productType = "com.apple.product-type.application";
		};
/* End PBXNativeTarget section */

/* Begin PBXProject section */
		168DD4A824D0180600F598EC /* Project object */ = {
			isa = PBXProject;
			attributes = {
				LastUpgradeCheck = 1160;
				ORGANIZATIONNAME = TencentIOS;
				TargetAttributes = {
					168DD4AF24D0180600F598EC = {
						CreatedOnToolsVersion = 11.6;
					};
				};
			};
			buildConfigurationList = 168DD4AB24D0180600F598EC /* Build configuration list for PBXProject "tableViewDemo2" */;
			compatibilityVersion = "Xcode 9.3";
			developmentRegion = en;
			hasScannedForEncodings = 0;
			knownRegions = (
				en,
				Base,
			);
			mainGroup = 168DD4A724D0180600F598EC;
			productRefGroup = 168DD4B124D0180600F598EC /* Products */;
			projectDirPath = "";
			projectRoot = "";
			targets = (
				168DD4AF24D0180600F598EC /* tableViewDemo2 */,
			);
		};
/* End PBXProject section */

/* Begin PBXResourcesBuildPhase section */
		168DD4AE24D0180600F598EC /* Resources */ = {
			isa = PBXResourcesBuildPhase;
			buildActionMask = 2147483647;
			files = (
				168DD4C324D0180700F598EC /* LaunchScreen.storyboard in Resources */,
				168DD4C024D0180700F598EC /* Assets.xcassets in Resources */,
				168DD4BE24D0180600F598EC /* Main.storyboard in Resources */,
			);
			runOnlyForDeploymentPostprocessing = 0;
		};
/* End PBXResourcesBuildPhase section */

/* Begin PBXSourcesBuildPhase section */
		168DD4AC24D0180600F598EC /* Sources */ = {
			isa = PBXSourcesBuildPhase;
			buildActionMask = 2147483647;
			files = (
				168DD4BB24D0180600F598EC /* ViewController.m in Sources */,
				168DD4B524D0180600F598EC /* AppDelegate.m in Sources */,
				168DD4C624D0180700F598EC /* main.m in Sources */,
				168DD4B824D0180600F598EC /* SceneDelegate.m in Sources */,
			);
			runOnlyForDeploymentPostprocessing = 0;
		};
/* End PBXSourcesBuildPhase section */

/* Begin PBXVariantGroup section */
		168DD4BC24D0180600F598EC /* Main.storyboard */ = {
			isa = PBXVariantGroup;
			children = (
				168DD4BD24D0180600F598EC /* Base */,
			);
			name = Main.storyboard;
			sourceTree = "<group>";
		};
		168DD4C124D0180700F598EC /* LaunchScreen.storyboard */ = {
			isa = PBXVariantGroup;
			children = (
				168DD4C224D0180700F598EC /* Base */,
			);
			name = LaunchScreen.storyboard;
			sourceTree = "<group>";
		};
/* End PBXVariantGroup section */

/* Begin XCBuildConfiguration section */
		168DD4C724D0180700F598EC /* Debug */ = {
			isa = XCBuildConfiguration;
			buildSettings = {
				ALWAYS_SEARCH_USER_PATHS = NO;
				CLANG_ANALYZER_NONNULL = YES;
				CLANG_ANALYZER_NUMBER_OBJECT_CONVERSION = YES_AGGRESSIVE;
				CLANG_CXX_LANGUAGE_STANDARD = "gnu++14";
				CLANG_CXX_LIBRARY = "libc++";
				CLANG_ENABLE_MODULES = YES;
				CLANG_ENABLE_OBJC_ARC = YES;
				CLANG_ENABLE_OBJC_WEAK = YES;
				CLANG_WARN_BLOCK_CAPTURE_AUTORELEASING = YES;
				CLANG_WARN_BOOL_CONVERSION = YES;
				CLANG_WARN_COMMA = YES;
				CLANG_WARN_CONSTANT_CONVERSION = YES;
				CLANG_WARN_DEPRECATED_OBJC_IMPLEMENTATIONS = YES;
				CLANG_WARN_DIRECT_OBJC_ISA_USAGE = YES_ERROR;
				CLANG_WARN_DOCUMENTATION_COMMENTS = YES;
				CLANG_WARN_EMPTY_BODY = YES;
				CLANG_WARN_ENUM_CONVERSION = YES;
				CLANG_WARN_INFINITE_RECURSION = YES;
				CLANG_WARN_INT_CONVERSION = YES;
				CLANG_WARN_NON_LITERAL_NULL_CONVERSION = YES;
				CLANG_WARN_OBJC_IMPLICIT_RETAIN_SELF = YES;
				CLANG_WARN_OBJC_LITERAL_CONVERSION = YES;
				CLANG_WARN_OBJC_ROOT_CLASS = YES_ERROR;
				CLANG_WARN_RANGE_LOOP_ANALYSIS = YES;
				CLANG_WARN_STRICT_PROTOTYPES = YES;
				CLANG_WARN_SUSPICIOUS_MOVE = YES;
				CLANG_WARN_UNGUARDED_AVAILABILITY = YES_AGGRESSIVE;
				CLANG_WARN_UNREACHABLE_CODE = YES;
				CLANG_WARN__DUPLICATE_METHOD_MATCH = YES;
				COPY_PHASE_STRIP = NO;
				DEBUG_INFORMATION_FORMAT = dwarf;
				ENABLE_STRICT_OBJC_MSGSEND = YES;
				ENABLE_TESTABILITY = YES;
				GCC_C_LANGUAGE_STANDARD = gnu11;
				GCC_DYNAMIC_NO_PIC = NO;
				GCC_NO_COMMON_BLOCKS = YES;
				GCC_OPTIMIZATION_LEVEL = 0;
				GCC_PREPROCESSOR_DEFINITIONS = (
					"DEBUG=1",
					"$(inherited)",
				);
				GCC_WARN_64_TO_32_BIT_CONVERSION = YES;
				GCC_WARN_ABOUT_RETURN_TYPE = YES_ERROR;
				GCC_WARN_UNDECLARED_SELECTOR = YES;
				GCC_WARN_UNINITIALIZED_AUTOS = YES_AGGRESSIVE;
				GCC_WARN_UNUSED_FUNCTION = YES;
				GCC_WARN_UNUSED_VARIABLE = YES;
				IPHONEOS_DEPLOYMENT_TARGET = 13.6;
				MTL_ENABLE_DEBUG_INFO = INCLUDE_SOURCE;
				MTL_FAST_MATH = YES;
				ONLY_ACTIVE_ARCH = YES;
				SDKROOT = iphoneos;
			};
			name = Debug;
		};
		168DD4C824D0180700F598EC /* Release */ = {
			isa = XCBuildConfiguration;
			buildSettings = {
				ALWAYS_SEARCH_USER_PATHS = NO;
				CLANG_ANALYZER_NONNULL = YES;
				CLANG_ANALYZER_NUMBER_OBJECT_CONVERSION = YES_AGGRESSIVE;
				CLANG_CXX_LANGUAGE_STANDARD = "gnu++14";
				CLANG_CXX_LIBRARY = "libc++";
				CLANG_ENABLE_MODULES = YES;
				CLANG_ENABLE_OBJC_ARC = YES;
				CLANG_ENABLE_OBJC_WEAK = YES;
				CLANG_WARN_BLOCK_CAPTURE_AUTORELEASING = YES;
				CLANG_WARN_BOOL_CONVERSION = YES;
				CLANG_WARN_COMMA = YES;
				CLANG_WARN_CONSTANT_CONVERSION = YES;
				CLANG_WARN_DEPRECATED_OBJC_IMPLEMENTATIONS = YES;
				CLANG_WARN_DIRECT_OBJC_ISA_USAGE = YES_ERROR;
				CLANG_WARN_DOCUMENTATION_COMMENTS = YES;
				CLANG_WARN_EMPTY_BODY = YES;
				CLANG_WARN_ENUM_CONVERSION = YES;
				CLANG_WARN_INFINITE_RECURSION = YES;
				CLANG_WARN_INT_CONVERSION = YES;
				CLANG_WARN_NON_LITERAL_NULL_CONVERSION = YES;
				CLANG_WARN_OBJC_IMPLICIT_RETAIN_SELF = YES;
				CLANG_WARN_OBJC_LITERAL_CONVERSION = YES;
				CLANG_WARN_OBJC_ROOT_CLASS = YES_ERROR;
				CLANG_WARN_RANGE_LOOP_ANALYSIS = YES;
				CLANG_WARN_STRICT_PROTOTYPES = YES;
				CLANG_WARN_SUSPICIOUS_MOVE = YES;
				CLANG_WARN_UNGUARDED_AVAILABILITY = YES_AGGRESSIVE;
				CLANG_WARN_UNREACHABLE_CODE = YES;
				CLANG_WARN__DUPLICATE_METHOD_MATCH = YES;
				COPY_PHASE_STRIP = NO;
				DEBUG_INFORMATION_FORMAT = "dwarf-with-dsym";
				ENABLE_NS_ASSERTIONS = NO;
				ENABLE_STRICT_OBJC_MSGSEND = YES;
				GCC_C_LANGUAGE_STANDARD = gnu11;
				GCC_NO_COMMON_BLOCKS = YES;
				GCC_WARN_64_TO_32_BIT_CONVERSION = YES;
				GCC_WARN_ABOUT_RETURN_TYPE = YES_ERROR;
				GCC_WARN_UNDECLARED_SELECTOR = YES;
				GCC_WARN_UNINITIALIZED_AUTOS = YES_AGGRESSIVE;
				GCC_WARN_UNUSED_FUNCTION = YES;
				GCC_WARN_UNUSED_VARIABLE = YES;
				IPHONEOS_DEPLOYMENT_TARGET = 13.6;
				MTL_ENABLE_DEBUG_INFO = NO;
				MTL_FAST_MATH = YES;
				SDKROOT = iphoneos;
				VALIDATE_PRODUCT = YES;
			};
			name = Release;
		};
		168DD4CA24D0180700F598EC /* Debug */ = {
			isa = XCBuildConfiguration;
			buildSettings = {
				ASSETCATALOG_COMPILER_APPICON_NAME = AppIcon;
				CODE_SIGN_STYLE = Automatic;
				INFOPLIST_FILE = tableViewDemo2/Info.plist;
				LD_RUNPATH_SEARCH_PATHS = (
					"$(inherited)",
					"@executable_path/Frameworks",
				);
				PRODUCT_BUNDLE_IDENTIFIER = com.tencentios.tableViewDemo2;
				PRODUCT_NAME = "$(TARGET_NAME)";
				TARGETED_DEVICE_FAMILY = "1,2";
			};
			name = Debug;
		};
		168DD4CB24D0180700F598EC /* Release */ = {
			isa = XCBuildConfiguration;
			buildSettings = {
				ASSETCATALOG_COMPILER_APPICON_NAME = AppIcon;
				CODE_SIGN_STYLE = Automatic;
				INFOPLIST_FILE = tableViewDemo2/Info.plist;
				LD_RUNPATH_SEARCH_PATHS = (
					"$(inherited)",
					"@executable_path/Frameworks",
				);
				PRODUCT_BUNDLE_IDENTIFIER = com.tencentios.tableViewDemo2;
				PRODUCT_NAME = "$(TARGET_NAME)";
				TARGETED_DEVICE_FAMILY = "1,2";
			};
			name = Release;
		};
/* End XCBuildConfiguration section */

/* Begin XCConfigurationList section */
		168DD4AB24D0180600F598EC /* Build configuration list for PBXProject "tableViewDemo2" */ = {
			isa = XCConfigurationList;
			buildConfigurations = (
				168DD4C724D0180700F598EC /* Debug */,
				168DD4C824D0180700F598EC /* Release */,
			);
			defaultConfigurationIsVisible = 0;
			defaultConfigurationName = Release;
		};
		168DD4C924D0180700F598EC /* Build configuration list for PBXNativeTarget "tableViewDemo2" */ = {
			isa = XCConfigurationList;
			buildConfigurations = (
				168DD4CA24D0180700F598EC /* Debug */,
				168DD4CB24D0180700F598EC /* Release */,
			);
			defaultConfigurationIsVisible = 0;
			defaultConfigurationName = Release;
		};
/* End XCConfigurationList section */
	};
	rootObject = 168DD4A824D0180600F598EC /* Project object */;
}
